
Microsoft Visual Studio Solution File, Format Version 12.00
# Visual Studio Version 17
VisualStudioVersion = 17.2.32505.173
MinimumVisualStudioVersion = 10.0.40219.1
Project("{FAE04EC0-301F-11D3-BF4B-00C04F79EFBC}") = "ArendaAndTochka_dem_exam", "ArendaAndTochka_dem_exam\ArendaAndTochka_dem_exam.csproj", "{6489F1EF-6478-4D10-AD39-62E75AF0F8F4}"
EndProject
Global
	GlobalSection(SolutionConfigurationPlatforms) = preSolution
		Debug|Any CPU = Debug|Any CPU
		Release|Any CPU = Release|Any CPU
	EndGlobalSection
	GlobalSection(ProjectConfigurationPlatforms) = postSolution
		{6489F1EF-6478-4D10-AD39-62E75AF0F8F4}.Debug|Any CPU.ActiveCfg = Debug|Any CPU
		{6489F1EF-6478-4D10-AD39-62E75AF0F8F4}.Debug|Any CPU.Build.0 = Debug|Any CPU
		{6489F1EF-6478-4D10-AD39-62E75AF0F8F4}.Release|Any CPU.ActiveCfg = Release|Any CPU
		{6489F1EF-6478-4D10-AD39-62E75AF0F8F4}.Release|Any CPU.Build.0 = Release|Any CPU
	EndGlobalSection
	GlobalSection(SolutionProperties) = preSolution
		HideSolutionNode = FALSE
	EndGlobalSection
	GlobalSection(ExtensibilityGlobals) = postSolution
		SolutionGuid = {965F88F0-CDDD-4F2F-8E6F-F35397B6BBE7}
	EndGlobalSection
EndGlobal
